
Microsoft Visual Studio Solution File, Format Version 12.00
# Visual Studio Version 16
VisualStudioVersion = 16.0.31424.327
MinimumVisualStudioVersion = 10.0.40219.1
Project("{FAE04EC0-301F-11D3-BF4B-00C04F79EFBC}") = "Primeiro Projeto", "Primeiro Projeto\Primeiro Projeto.csproj", "{F77EE34B-28CA-42AE-9476-B53FCF3AC414}"
EndProject
Global
	GlobalSection(SolutionConfigurationPlatforms) = preSolution
		Debug|Any CPU = Debug|Any CPU
		Release|Any CPU = Release|Any CPU
	EndGlobalSection
	GlobalSection(ProjectConfigurationPlatforms) = postSolution
		{F77EE34B-28CA-42AE-9476-B53FCF3AC414}.Debug|Any CPU.ActiveCfg = Debug|Any CPU
		{F77EE34B-28CA-42AE-9476-B53FCF3AC414}.Debug|Any CPU.Build.0 = Debug|Any CPU
		{F77EE34B-28CA-42AE-9476-B53FCF3AC414}.Release|Any CPU.ActiveCfg = Release|Any CPU
		{F77EE34B-28CA-42AE-9476-B53FCF3AC414}.Release|Any CPU.Build.0 = Release|Any CPU
	EndGlobalSection
	GlobalSection(SolutionProperties) = preSolution
		HideSolutionNode = FALSE
	EndGlobalSection
	GlobalSection(ExtensibilityGlobals) = postSolution
		SolutionGuid = {FB5A862C-D9AB-4034-8E24-984CB3BF7D63}
	EndGlobalSection
EndGlobal
